// !$*UTF8*$!
{
	archiveVersion = 1;
	classes = {
	};
	objectVersion = 46;
	objects = {

/* Begin PBXBuildFile section */
		0921E1801C3F0ADA009CC673 /* KeywordSearchTableViewCell.swift in Sources */ = {isa = PBXBuildFile; fileRef = 0921E17F1C3F0ADA009CC673 /* KeywordSearchTableViewCell.swift */; };
		092B23881C34C40800614EFD /* UserQuery.swift in Sources */ = {isa = PBXBuildFile; fileRef = 092B23871C34C40800614EFD /* UserQuery.swift */; };
		0930C0D61C35EAAB0065FD9F /* QueryUtils.swift in Sources */ = {isa = PBXBuildFile; fileRef = 0930C0D51C35EAAB0065FD9F /* QueryUtils.swift */; };
		0979C20D1C34BFB1000BF8F8 /* UserModel.swift in Sources */ = {isa = PBXBuildFile; fileRef = 0979C20C1C34BFB1000BF8F8 /* UserModel.swift */; };
		099A48491C3DC0A60072C5D2 /* KeywordSearch.storyboard in Resources */ = {isa = PBXBuildFile; fileRef = 099A48481C3DC0A60072C5D2 /* KeywordSearch.storyboard */; };
		099A484D1C3DC11E0072C5D2 /* KeywordSearchViewController.swift in Sources */ = {isa = PBXBuildFile; fileRef = 099A484C1C3DC11E0072C5D2 /* KeywordSearchViewController.swift */; };
		09D08E091C37533A00905187 /* AppointmentModel.swift in Sources */ = {isa = PBXBuildFile; fileRef = 09D08E081C37533A00905187 /* AppointmentModel.swift */; };
		09D08E0B1C3755CA00905187 /* AppointmentQuery.swift in Sources */ = {isa = PBXBuildFile; fileRef = 09D08E0A1C3755CA00905187 /* AppointmentQuery.swift */; };
		09DD2FE51C36F24C0074037C /* LoginViewController.swift in Sources */ = {isa = PBXBuildFile; fileRef = 09DD2FE31C36F24C0074037C /* LoginViewController.swift */; };
		09DD2FE61C36F24C0074037C /* SignupViewController.swift in Sources */ = {isa = PBXBuildFile; fileRef = 09DD2FE41C36F24C0074037C /* SignupViewController.swift */; };
		252095791C3949A700877546 /* GlobalAPIKeys.swift in Sources */ = {isa = PBXBuildFile; fileRef = 252095781C3949A700877546 /* GlobalAPIKeys.swift */; };
		2548B6D61C37FD5800CB4906 /* DetailedProfileViewController.swift in Sources */ = {isa = PBXBuildFile; fileRef = 2548B6D51C37FD5800CB4906 /* DetailedProfileViewController.swift */; };
		2548B6D91C381A7D00CB4906 /* DetailedProfile.storyboard in Resources */ = {isa = PBXBuildFile; fileRef = 2548B6D81C381A7D00CB4906 /* DetailedProfile.storyboard */; };
		2548B6DD1C38C89700CB4906 /* TabBarViewController.swift in Sources */ = {isa = PBXBuildFile; fileRef = 2548B6DC1C38C89700CB4906 /* TabBarViewController.swift */; };
		258D84C71C37BBE500DCD9AA /* User.storyboard in Resources */ = {isa = PBXBuildFile; fileRef = 258D84C61C37BBE500DCD9AA /* User.storyboard */; };
		258D84C91C37BBFE00DCD9AA /* Favorite.storyboard in Resources */ = {isa = PBXBuildFile; fileRef = 258D84C81C37BBFE00DCD9AA /* Favorite.storyboard */; };
		258D84CD1C37BC8000DCD9AA /* Profile.storyboard in Resources */ = {isa = PBXBuildFile; fileRef = 258D84CC1C37BC8000DCD9AA /* Profile.storyboard */; };
		258D84CF1C37BC8F00DCD9AA /* Search.storyboard in Resources */ = {isa = PBXBuildFile; fileRef = 258D84CE1C37BC8F00DCD9AA /* Search.storyboard */; };
		258D84D91C37CFC500DCD9AA /* Schedule.storyboard in Resources */ = {isa = PBXBuildFile; fileRef = 258D84D81C37CFC500DCD9AA /* Schedule.storyboard */; };
		25AF48491C0C5C7F00C71DB6 /* SearchViewController.swift in Sources */ = {isa = PBXBuildFile; fileRef = 25AF48481C0C5C7F00C71DB6 /* SearchViewController.swift */; };
		25AF484B1C0C5C8500C71DB6 /* ScheduleViewController.swift in Sources */ = {isa = PBXBuildFile; fileRef = 25AF484A1C0C5C8500C71DB6 /* ScheduleViewController.swift */; };
		25AF484D1C0C5C8C00C71DB6 /* ProfileViewController.swift in Sources */ = {isa = PBXBuildFile; fileRef = 25AF484C1C0C5C8C00C71DB6 /* ProfileViewController.swift */; };
		25AF484F1C0C5C9100C71DB6 /* FavoriteViewController.swift in Sources */ = {isa = PBXBuildFile; fileRef = 25AF484E1C0C5C9100C71DB6 /* FavoriteViewController.swift */; };
		25C7F2301C3A9F6900E25E8C /* ForgetPasswordViewController.swift in Sources */ = {isa = PBXBuildFile; fileRef = 25C7F22F1C3A9F6900E25E8C /* ForgetPasswordViewController.swift */; };
		25C7F2321C3AA50400E25E8C /* UserInterfaceServices.swift in Sources */ = {isa = PBXBuildFile; fileRef = 25C7F2311C3AA50400E25E8C /* UserInterfaceServices.swift */; };
		71E8776821B97429B4670096 /* Pods.framework in Frameworks */ = {isa = PBXBuildFile; fileRef = D46400D1E132AC462656E376 /* Pods.framework */; };
		7436D0D51BFFF47E00E7D545 /* AppDelegate.swift in Sources */ = {isa = PBXBuildFile; fileRef = 7436D0D41BFFF47E00E7D545 /* AppDelegate.swift */; };
		7436D0DC1BFFF47E00E7D545 /* Main.storyboard in Resources */ = {isa = PBXBuildFile; fileRef = 7436D0DA1BFFF47E00E7D545 /* Main.storyboard */; };
		7436D0DE1BFFF47E00E7D545 /* Assets.xcassets in Resources */ = {isa = PBXBuildFile; fileRef = 7436D0DD1BFFF47E00E7D545 /* Assets.xcassets */; };
		7436D0E11BFFF47E00E7D545 /* LaunchScreen.storyboard in Resources */ = {isa = PBXBuildFile; fileRef = 7436D0DF1BFFF47E00E7D545 /* LaunchScreen.storyboard */; };
		7436D0EC1BFFF47E00E7D545 /* iosClientTests.swift in Sources */ = {isa = PBXBuildFile; fileRef = 7436D0EB1BFFF47E00E7D545 /* iosClientTests.swift */; };
		7436D0F71BFFF47E00E7D545 /* iosClientUITests.swift in Sources */ = {isa = PBXBuildFile; fileRef = 7436D0F61BFFF47E00E7D545 /* iosClientUITests.swift */; };
		7458D7B31C2B61FE008ABA85 /* SearchBar.swift in Sources */ = {isa = PBXBuildFile; fileRef = 7458D7B21C2B61FE008ABA85 /* SearchBar.swift */; };
		7458D7B51C2B6301008ABA85 /* CustomSearchController.swift in Sources */ = {isa = PBXBuildFile; fileRef = 7458D7B41C2B6301008ABA85 /* CustomSearchController.swift */; };
		7458D7B71C2BB439008ABA85 /* ColorScheme.swift in Sources */ = {isa = PBXBuildFile; fileRef = 7458D7B61C2BB439008ABA85 /* ColorScheme.swift */; };
		7458D7B91C2BB8F3008ABA85 /* Font.swift in Sources */ = {isa = PBXBuildFile; fileRef = 7458D7B81C2BB8F3008ABA85 /* Font.swift */; };
		7458D7F91C2BF2BE008ABA85 /* SearchUserListCell.swift in Sources */ = {isa = PBXBuildFile; fileRef = 7458D7F81C2BF2BE008ABA85 /* SearchUserListCell.swift */; };
/* End PBXBuildFile section */

/* Begin PBXContainerItemProxy section */
		7436D0E81BFFF47E00E7D545 /* PBXContainerItemProxy */ = {
			isa = PBXContainerItemProxy;
			containerPortal = 7436D0C91BFFF47E00E7D545 /* Project object */;
			proxyType = 1;
			remoteGlobalIDString = 7436D0D01BFFF47E00E7D545;
			remoteInfo = iosClient;
		};
		7436D0F31BFFF47E00E7D545 /* PBXContainerItemProxy */ = {
			isa = PBXContainerItemProxy;
			containerPortal = 7436D0C91BFFF47E00E7D545 /* Project object */;
			proxyType = 1;
			remoteGlobalIDString = 7436D0D01BFFF47E00E7D545;
			remoteInfo = iosClient;
		};
/* End PBXContainerItemProxy section */

/* Begin PBXFileReference section */
		0921E17F1C3F0ADA009CC673 /* KeywordSearchTableViewCell.swift */ = {isa = PBXFileReference; fileEncoding = 4; lastKnownFileType = sourcecode.swift; path = KeywordSearchTableViewCell.swift; sourceTree = "<group>"; };
		092B23871C34C40800614EFD /* UserQuery.swift */ = {isa = PBXFileReference; fileEncoding = 4; lastKnownFileType = sourcecode.swift; path = UserQuery.swift; sourceTree = "<group>"; };
		0930C0D51C35EAAB0065FD9F /* QueryUtils.swift */ = {isa = PBXFileReference; fileEncoding = 4; lastKnownFileType = sourcecode.swift; path = QueryUtils.swift; sourceTree = "<group>"; };
		0979C20C1C34BFB1000BF8F8 /* UserModel.swift */ = {isa = PBXFileReference; fileEncoding = 4; lastKnownFileType = sourcecode.swift; path = UserModel.swift; sourceTree = "<group>"; };
		099A48481C3DC0A60072C5D2 /* KeywordSearch.storyboard */ = {isa = PBXFileReference; fileEncoding = 4; lastKnownFileType = file.storyboard; path = KeywordSearch.storyboard; sourceTree = "<group>"; };
		099A484C1C3DC11E0072C5D2 /* KeywordSearchViewController.swift */ = {isa = PBXFileReference; fileEncoding = 4; lastKnownFileType = sourcecode.swift; path = KeywordSearchViewController.swift; sourceTree = "<group>"; };
		09D08E081C37533A00905187 /* AppointmentModel.swift */ = {isa = PBXFileReference; fileEncoding = 4; lastKnownFileType = sourcecode.swift; path = AppointmentModel.swift; sourceTree = "<group>"; };
		09D08E0A1C3755CA00905187 /* AppointmentQuery.swift */ = {isa = PBXFileReference; fileEncoding = 4; lastKnownFileType = sourcecode.swift; path = AppointmentQuery.swift; sourceTree = "<group>"; };
		09DD2FE31C36F24C0074037C /* LoginViewController.swift */ = {isa = PBXFileReference; fileEncoding = 4; lastKnownFileType = sourcecode.swift; path = LoginViewController.swift; sourceTree = "<group>"; };
		09DD2FE41C36F24C0074037C /* SignupViewController.swift */ = {isa = PBXFileReference; fileEncoding = 4; lastKnownFileType = sourcecode.swift; path = SignupViewController.swift; sourceTree = "<group>"; };
		09DEBC651C3770D50033B579 /* iosClient-Bridging-Header.h */ = {isa = PBXFileReference; lastKnownFileType = sourcecode.c.h; path = "iosClient-Bridging-Header.h"; sourceTree = "<group>"; };
		252095781C3949A700877546 /* GlobalAPIKeys.swift */ = {isa = PBXFileReference; fileEncoding = 4; lastKnownFileType = sourcecode.swift; path = GlobalAPIKeys.swift; sourceTree = "<group>"; };
		2548B6D51C37FD5800CB4906 /* DetailedProfileViewController.swift */ = {isa = PBXFileReference; fileEncoding = 4; lastKnownFileType = sourcecode.swift; path = DetailedProfileViewController.swift; sourceTree = "<group>"; };
		2548B6D81C381A7D00CB4906 /* DetailedProfile.storyboard */ = {isa = PBXFileReference; fileEncoding = 4; lastKnownFileType = file.storyboard; path = DetailedProfile.storyboard; sourceTree = "<group>"; };
		2548B6DC1C38C89700CB4906 /* TabBarViewController.swift */ = {isa = PBXFileReference; fileEncoding = 4; lastKnownFileType = sourcecode.swift; path = TabBarViewController.swift; sourceTree = "<group>"; };
		258D84C61C37BBE500DCD9AA /* User.storyboard */ = {isa = PBXFileReference; fileEncoding = 4; lastKnownFileType = file.storyboard; path = User.storyboard; sourceTree = "<group>"; };
		258D84C81C37BBFE00DCD9AA /* Favorite.storyboard */ = {isa = PBXFileReference; fileEncoding = 4; lastKnownFileType = file.storyboard; path = Favorite.storyboard; sourceTree = "<group>"; };
		258D84CC1C37BC8000DCD9AA /* Profile.storyboard */ = {isa = PBXFileReference; fileEncoding = 4; lastKnownFileType = file.storyboard; path = Profile.storyboard; sourceTree = "<group>"; };
		258D84CE1C37BC8F00DCD9AA /* Search.storyboard */ = {isa = PBXFileReference; fileEncoding = 4; lastKnownFileType = file.storyboard; path = Search.storyboard; sourceTree = "<group>"; };
		258D84D81C37CFC500DCD9AA /* Schedule.storyboard */ = {isa = PBXFileReference; fileEncoding = 4; lastKnownFileType = file.storyboard; path = Schedule.storyboard; sourceTree = "<group>"; };
		25AF48481C0C5C7F00C71DB6 /* SearchViewController.swift */ = {isa = PBXFileReference; fileEncoding = 4; lastKnownFileType = sourcecode.swift; path = SearchViewController.swift; sourceTree = "<group>"; };
		25AF484A1C0C5C8500C71DB6 /* ScheduleViewController.swift */ = {isa = PBXFileReference; fileEncoding = 4; lastKnownFileType = sourcecode.swift; path = ScheduleViewController.swift; sourceTree = "<group>"; };
		25AF484C1C0C5C8C00C71DB6 /* ProfileViewController.swift */ = {isa = PBXFileReference; fileEncoding = 4; lastKnownFileType = sourcecode.swift; path = ProfileViewController.swift; sourceTree = "<group>"; };
		25AF484E1C0C5C9100C71DB6 /* FavoriteViewController.swift */ = {isa = PBXFileReference; fileEncoding = 4; lastKnownFileType = sourcecode.swift; path = FavoriteViewController.swift; sourceTree = "<group>"; };
		25C7F22F1C3A9F6900E25E8C /* ForgetPasswordViewController.swift */ = {isa = PBXFileReference; fileEncoding = 4; lastKnownFileType = sourcecode.swift; path = ForgetPasswordViewController.swift; sourceTree = "<group>"; };
		25C7F2311C3AA50400E25E8C /* UserInterfaceServices.swift */ = {isa = PBXFileReference; fileEncoding = 4; lastKnownFileType = sourcecode.swift; path = UserInterfaceServices.swift; sourceTree = "<group>"; };
		4B644F80E0D1DCB359CC07F6 /* Pods.release.xcconfig */ = {isa = PBXFileReference; includeInIndex = 1; lastKnownFileType = text.xcconfig; name = Pods.release.xcconfig; path = "Pods/Target Support Files/Pods/Pods.release.xcconfig"; sourceTree = "<group>"; };
		7436D0D11BFFF47E00E7D545 /* iosClient.app */ = {isa = PBXFileReference; explicitFileType = wrapper.application; includeInIndex = 0; path = iosClient.app; sourceTree = BUILT_PRODUCTS_DIR; };
		7436D0D41BFFF47E00E7D545 /* AppDelegate.swift */ = {isa = PBXFileReference; lastKnownFileType = sourcecode.swift; path = AppDelegate.swift; sourceTree = "<group>"; };
		7436D0DB1BFFF47E00E7D545 /* Base */ = {isa = PBXFileReference; lastKnownFileType = file.storyboard; name = Base; path = Base.lproj/Main.storyboard; sourceTree = "<group>"; };
		7436D0DD1BFFF47E00E7D545 /* Assets.xcassets */ = {isa = PBXFileReference; lastKnownFileType = folder.assetcatalog; path = Assets.xcassets; sourceTree = "<group>"; };
		7436D0E01BFFF47E00E7D545 /* Base */ = {isa = PBXFileReference; lastKnownFileType = file.storyboard; name = Base; path = Base.lproj/LaunchScreen.storyboard; sourceTree = "<group>"; };
		7436D0E21BFFF47E00E7D545 /* Info.plist */ = {isa = PBXFileReference; lastKnownFileType = text.plist.xml; path = Info.plist; sourceTree = "<group>"; };
		7436D0E71BFFF47E00E7D545 /* iosClientTests.xctest */ = {isa = PBXFileReference; explicitFileType = wrapper.cfbundle; includeInIndex = 0; path = iosClientTests.xctest; sourceTree = BUILT_PRODUCTS_DIR; };
		7436D0EB1BFFF47E00E7D545 /* iosClientTests.swift */ = {isa = PBXFileReference; lastKnownFileType = sourcecode.swift; path = iosClientTests.swift; sourceTree = "<group>"; };
		7436D0ED1BFFF47E00E7D545 /* Info.plist */ = {isa = PBXFileReference; lastKnownFileType = text.plist.xml; path = Info.plist; sourceTree = "<group>"; };
		7436D0F21BFFF47E00E7D545 /* iosClientUITests.xctest */ = {isa = PBXFileReference; explicitFileType = wrapper.cfbundle; includeInIndex = 0; path = iosClientUITests.xctest; sourceTree = BUILT_PRODUCTS_DIR; };
		7436D0F61BFFF47E00E7D545 /* iosClientUITests.swift */ = {isa = PBXFileReference; lastKnownFileType = sourcecode.swift; path = iosClientUITests.swift; sourceTree = "<group>"; };
		7436D0F81BFFF47E00E7D545 /* Info.plist */ = {isa = PBXFileReference; lastKnownFileType = text.plist.xml; path = Info.plist; sourceTree = "<group>"; };
		7458D7B21C2B61FE008ABA85 /* SearchBar.swift */ = {isa = PBXFileReference; fileEncoding = 4; lastKnownFileType = sourcecode.swift; path = SearchBar.swift; sourceTree = "<group>"; };
		7458D7B41C2B6301008ABA85 /* CustomSearchController.swift */ = {isa = PBXFileReference; fileEncoding = 4; lastKnownFileType = sourcecode.swift; path = CustomSearchController.swift; sourceTree = "<group>"; };
		7458D7B61C2BB439008ABA85 /* ColorScheme.swift */ = {isa = PBXFileReference; fileEncoding = 4; lastKnownFileType = sourcecode.swift; path = ColorScheme.swift; sourceTree = "<group>"; };
		7458D7B81C2BB8F3008ABA85 /* Font.swift */ = {isa = PBXFileReference; fileEncoding = 4; lastKnownFileType = sourcecode.swift; path = Font.swift; sourceTree = "<group>"; };
		7458D7F81C2BF2BE008ABA85 /* SearchUserListCell.swift */ = {isa = PBXFileReference; fileEncoding = 4; lastKnownFileType = sourcecode.swift; path = SearchUserListCell.swift; sourceTree = "<group>"; };
		86AAACBCF58F19FD17A2E6F8 /* Pods.debug.xcconfig */ = {isa = PBXFileReference; includeInIndex = 1; lastKnownFileType = text.xcconfig; name = Pods.debug.xcconfig; path = "Pods/Target Support Files/Pods/Pods.debug.xcconfig"; sourceTree = "<group>"; };
		D46400D1E132AC462656E376 /* Pods.framework */ = {isa = PBXFileReference; explicitFileType = wrapper.framework; includeInIndex = 0; path = Pods.framework; sourceTree = BUILT_PRODUCTS_DIR; };
/* End PBXFileReference section */

/* Begin PBXFrameworksBuildPhase section */
		7436D0CE1BFFF47E00E7D545 /* Frameworks */ = {
			isa = PBXFrameworksBuildPhase;
			buildActionMask = 2147483647;
			files = (
				71E8776821B97429B4670096 /* Pods.framework in Frameworks */,
			);
			runOnlyForDeploymentPostprocessing = 0;
		};
		7436D0E41BFFF47E00E7D545 /* Frameworks */ = {
			isa = PBXFrameworksBuildPhase;
			buildActionMask = 2147483647;
			files = (
			);
			runOnlyForDeploymentPostprocessing = 0;
		};
		7436D0EF1BFFF47E00E7D545 /* Frameworks */ = {
			isa = PBXFrameworksBuildPhase;
			buildActionMask = 2147483647;
			files = (
			);
			runOnlyForDeploymentPostprocessing = 0;
		};
/* End PBXFrameworksBuildPhase section */

/* Begin PBXGroup section */
		0979C20B1C34BF8D000BF8F8 /* DataModels */ = {
			isa = PBXGroup;
			children = (
				09D08E081C37533A00905187 /* AppointmentModel.swift */,
				0979C20C1C34BFB1000BF8F8 /* UserModel.swift */,
			);
			path = DataModels;
			sourceTree = "<group>";
		};
		0979C20E1C34C2BC000BF8F8 /* Query */ = {
			isa = PBXGroup;
			children = (
				09D08E0A1C3755CA00905187 /* AppointmentQuery.swift */,
				0930C0D51C35EAAB0065FD9F /* QueryUtils.swift */,
				092B23871C34C40800614EFD /* UserQuery.swift */,
			);
			path = Query;
			sourceTree = "<group>";
		};
		099A48471C3DC0920072C5D2 /* KeywordSearch */ = {
			isa = PBXGroup;
			children = (
				099A48481C3DC0A60072C5D2 /* KeywordSearch.storyboard */,
				0921E17F1C3F0ADA009CC673 /* KeywordSearchTableViewCell.swift */,
				099A484C1C3DC11E0072C5D2 /* KeywordSearchViewController.swift */,
			);
			path = KeywordSearch;
			sourceTree = "<group>";
		};
		09DD2FE21C36F2430074037C /* User */ = {
			isa = PBXGroup;
			children = (
				25C7F22F1C3A9F6900E25E8C /* ForgetPasswordViewController.swift */,
				09DD2FE31C36F24C0074037C /* LoginViewController.swift */,
				09DD2FE41C36F24C0074037C /* SignupViewController.swift */,
				258D84C61C37BBE500DCD9AA /* User.storyboard */,
			);
			path = User;
			sourceTree = "<group>";
		};
		09DEBC661C3770DF0033B579 /* Storyboards */ = {
			isa = PBXGroup;
			children = (
			);
			path = Storyboards;
			sourceTree = "<group>";
		};
		1D4EEE85A7E75FB639519AEC /* Frameworks */ = {
			isa = PBXGroup;
			children = (
				D46400D1E132AC462656E376 /* Pods.framework */,
			);
			name = Frameworks;
			sourceTree = "<group>";
		};
		2548B6D71C381A5200CB4906 /* DetailedProfile */ = {
			isa = PBXGroup;
			children = (
				2548B6D81C381A7D00CB4906 /* DetailedProfile.storyboard */,
				2548B6D51C37FD5800CB4906 /* DetailedProfileViewController.swift */,
			);
			path = DetailedProfile;
			sourceTree = "<group>";
		};
		2548B6DE1C38CC6500CB4906 /* TabBar */ = {
			isa = PBXGroup;
			children = (
				2548B6DC1C38C89700CB4906 /* TabBarViewController.swift */,
			);
			path = TabBar;
			sourceTree = "<group>";
		};
		25AF48501C0C5C9500C71DB6 /* Search */ = {
			isa = PBXGroup;
			children = (
				7458D7B41C2B6301008ABA85 /* CustomSearchController.swift */,
				258D84CE1C37BC8F00DCD9AA /* Search.storyboard */,
				7458D7B21C2B61FE008ABA85 /* SearchBar.swift */,
				25AF48481C0C5C7F00C71DB6 /* SearchViewController.swift */,
			);
			path = Search;
			sourceTree = "<group>";
		};
		25AF48511C0C5CA000C71DB6 /* Schedule */ = {
			isa = PBXGroup;
			children = (
				258D84D81C37CFC500DCD9AA /* Schedule.storyboard */,
				25AF484A1C0C5C8500C71DB6 /* ScheduleViewController.swift */,
			);
			path = Schedule;
			sourceTree = "<group>";
		};
		25AF48521C0C5CA700C71DB6 /* Profile */ = {
			isa = PBXGroup;
			children = (
				258D84CC1C37BC8000DCD9AA /* Profile.storyboard */,
				25AF484C1C0C5C8C00C71DB6 /* ProfileViewController.swift */,
			);
			path = Profile;
			sourceTree = "<group>";
		};
		25AF48531C0C5CAF00C71DB6 /* Favorite */ = {
			isa = PBXGroup;
			children = (
				258D84C81C37BBFE00DCD9AA /* Favorite.storyboard */,
				25AF484E1C0C5C9100C71DB6 /* FavoriteViewController.swift */,
			);
			path = Favorite;
			sourceTree = "<group>";
		};
		740DFC721C0C4FEA00CE36EA /* Shared */ = {
			isa = PBXGroup;
			children = (
				7458D7B61C2BB439008ABA85 /* ColorScheme.swift */,
				7458D7B81C2BB8F3008ABA85 /* Font.swift */,
				252095781C3949A700877546 /* GlobalAPIKeys.swift */,
				7458D7F81C2BF2BE008ABA85 /* SearchUserListCell.swift */,
				25C7F2311C3AA50400E25E8C /* UserInterfaceServices.swift */,
			);
			path = Shared;
			sourceTree = "<group>";
		};
		740DFC731C0C4FEA00CE36EA /* Icons */ = {
			isa = PBXGroup;
			children = (
			);
			path = Icons;
			sourceTree = "<group>";
		};
		7436D0C81BFFF47E00E7D545 = {
			isa = PBXGroup;
			children = (
				1D4EEE85A7E75FB639519AEC /* Frameworks */,
				FE27A49ECD45E37F8253C917 /* Pods */,
				7436D0D21BFFF47E00E7D545 /* Products */,
				7436D0D31BFFF47E00E7D545 /* iosClient */,
				7436D0EA1BFFF47E00E7D545 /* iosClientTests */,
				7436D0F51BFFF47E00E7D545 /* iosClientUITests */,
			);
			sourceTree = "<group>";
		};
		7436D0D21BFFF47E00E7D545 /* Products */ = {
			isa = PBXGroup;
			children = (
				7436D0D11BFFF47E00E7D545 /* iosClient.app */,
				7436D0E71BFFF47E00E7D545 /* iosClientTests.xctest */,
				7436D0F21BFFF47E00E7D545 /* iosClientUITests.xctest */,
			);
			name = Products;
			sourceTree = "<group>";
		};
		7436D0D31BFFF47E00E7D545 /* iosClient */ = {
			isa = PBXGroup;
			children = (
				0979C20B1C34BF8D000BF8F8 /* DataModels */,
				2548B6D71C381A5200CB4906 /* DetailedProfile */,
				25AF48531C0C5CAF00C71DB6 /* Favorite */,
				740DFC731C0C4FEA00CE36EA /* Icons */,
				099A48471C3DC0920072C5D2 /* KeywordSearch */,
				25AF48521C0C5CA700C71DB6 /* Profile */,
				0979C20E1C34C2BC000BF8F8 /* Query */,
				25AF48511C0C5CA000C71DB6 /* Schedule */,
				25AF48501C0C5C9500C71DB6 /* Search */,
				740DFC721C0C4FEA00CE36EA /* Shared */,
				2548B6DE1C38CC6500CB4906 /* TabBar */,
				09DD2FE21C36F2430074037C /* User */,
				7436D0D41BFFF47E00E7D545 /* AppDelegate.swift */,
				7436D0DD1BFFF47E00E7D545 /* Assets.xcassets */,
				7436D0E21BFFF47E00E7D545 /* Info.plist */,
				7436D0DF1BFFF47E00E7D545 /* LaunchScreen.storyboard */,
				7436D0DA1BFFF47E00E7D545 /* Main.storyboard */,
				09DEBC651C3770D50033B579 /* iosClient-Bridging-Header.h */,
			);
			path = iosClient;
			sourceTree = "<group>";
		};
		7436D0EA1BFFF47E00E7D545 /* iosClientTests */ = {
			isa = PBXGroup;
			children = (
				7436D0ED1BFFF47E00E7D545 /* Info.plist */,
				7436D0EB1BFFF47E00E7D545 /* iosClientTests.swift */,
			);
			path = iosClientTests;
			sourceTree = "<group>";
		};
		7436D0F51BFFF47E00E7D545 /* iosClientUITests */ = {
			isa = PBXGroup;
			children = (
				09DEBC661C3770DF0033B579 /* Storyboards */,
				7436D0F81BFFF47E00E7D545 /* Info.plist */,
				7436D0F61BFFF47E00E7D545 /* iosClientUITests.swift */,
			);
			path = iosClientUITests;
			sourceTree = "<group>";
		};
		FE27A49ECD45E37F8253C917 /* Pods */ = {
			isa = PBXGroup;
			children = (
				86AAACBCF58F19FD17A2E6F8 /* Pods.debug.xcconfig */,
				4B644F80E0D1DCB359CC07F6 /* Pods.release.xcconfig */,
			);
			name = Pods;
			sourceTree = "<group>";
		};
/* End PBXGroup section */

/* Begin PBXNativeTarget section */
		7436D0D01BFFF47E00E7D545 /* iosClient */ = {
			isa = PBXNativeTarget;
			buildConfigurationList = 7436D0FB1BFFF47E00E7D545 /* Build configuration list for PBXNativeTarget "iosClient" */;
			buildPhases = (
				2E6897AE02118FE13003FDF4 /* Check Pods Manifest.lock */,
				7436D0CD1BFFF47E00E7D545 /* Sources */,
				7436D0CE1BFFF47E00E7D545 /* Frameworks */,
				7436D0CF1BFFF47E00E7D545 /* Resources */,
				4C556F0CA37C227D6D710A19 /* Embed Pods Frameworks */,
				0F4C8C66067F0573F48E427C /* Copy Pods Resources */,
			);
			buildRules = (
			);
			dependencies = (
			);
			name = iosClient;
			productName = iosClient;
			productReference = 7436D0D11BFFF47E00E7D545 /* iosClient.app */;
			productType = "com.apple.product-type.application";
		};
		7436D0E61BFFF47E00E7D545 /* iosClientTests */ = {
			isa = PBXNativeTarget;
			buildConfigurationList = 7436D0FE1BFFF47E00E7D545 /* Build configuration list for PBXNativeTarget "iosClientTests" */;
			buildPhases = (
				7436D0E31BFFF47E00E7D545 /* Sources */,
				7436D0E41BFFF47E00E7D545 /* Frameworks */,
				7436D0E51BFFF47E00E7D545 /* Resources */,
			);
			buildRules = (
			);
			dependencies = (
				7436D0E91BFFF47E00E7D545 /* PBXTargetDependency */,
			);
			name = iosClientTests;
			productName = iosClientTests;
			productReference = 7436D0E71BFFF47E00E7D545 /* iosClientTests.xctest */;
			productType = "com.apple.product-type.bundle.unit-test";
		};
		7436D0F11BFFF47E00E7D545 /* iosClientUITests */ = {
			isa = PBXNativeTarget;
			buildConfigurationList = 7436D1011BFFF47E00E7D545 /* Build configuration list for PBXNativeTarget "iosClientUITests" */;
			buildPhases = (
				7436D0EE1BFFF47E00E7D545 /* Sources */,
				7436D0EF1BFFF47E00E7D545 /* Frameworks */,
				7436D0F01BFFF47E00E7D545 /* Resources */,
			);
			buildRules = (
			);
			dependencies = (
				7436D0F41BFFF47E00E7D545 /* PBXTargetDependency */,
			);
			name = iosClientUITests;
			productName = iosClientUITests;
			productReference = 7436D0F21BFFF47E00E7D545 /* iosClientUITests.xctest */;
			productType = "com.apple.product-type.bundle.ui-testing";
		};
/* End PBXNativeTarget section */

/* Begin PBXProject section */
		7436D0C91BFFF47E00E7D545 /* Project object */ = {
			isa = PBXProject;
			attributes = {
				LastSwiftUpdateCheck = 0710;
				LastUpgradeCheck = 0710;
				ORGANIZATIONNAME = Cameric;
				TargetAttributes = {
					7436D0D01BFFF47E00E7D545 = {
						CreatedOnToolsVersion = 7.1.1;
						DevelopmentTeam = Z5DDEVPSTD;
					};
					7436D0E61BFFF47E00E7D545 = {
						CreatedOnToolsVersion = 7.1.1;
						TestTargetID = 7436D0D01BFFF47E00E7D545;
					};
					7436D0F11BFFF47E00E7D545 = {
						CreatedOnToolsVersion = 7.1.1;
						TestTargetID = 7436D0D01BFFF47E00E7D545;
					};
				};
			};
			buildConfigurationList = 7436D0CC1BFFF47E00E7D545 /* Build configuration list for PBXProject "iosClient" */;
			compatibilityVersion = "Xcode 3.2";
			developmentRegion = English;
			hasScannedForEncodings = 0;
			knownRegions = (
				en,
				Base,
			);
			mainGroup = 7436D0C81BFFF47E00E7D545;
			productRefGroup = 7436D0D21BFFF47E00E7D545 /* Products */;
			projectDirPath = "";
			projectRoot = "";
			targets = (
				7436D0D01BFFF47E00E7D545 /* iosClient */,
				7436D0E61BFFF47E00E7D545 /* iosClientTests */,
				7436D0F11BFFF47E00E7D545 /* iosClientUITests */,
			);
		};
/* End PBXProject section */

/* Begin PBXResourcesBuildPhase section */
		7436D0CF1BFFF47E00E7D545 /* Resources */ = {
			isa = PBXResourcesBuildPhase;
			buildActionMask = 2147483647;
			files = (
				258D84CD1C37BC8000DCD9AA /* Profile.storyboard in Resources */,
				7436D0E11BFFF47E00E7D545 /* LaunchScreen.storyboard in Resources */,
				258D84C71C37BBE500DCD9AA /* User.storyboard in Resources */,
				7436D0DE1BFFF47E00E7D545 /* Assets.xcassets in Resources */,
				258D84CF1C37BC8F00DCD9AA /* Search.storyboard in Resources */,
				258D84C91C37BBFE00DCD9AA /* Favorite.storyboard in Resources */,
				7436D0DC1BFFF47E00E7D545 /* Main.storyboard in Resources */,
				258D84D91C37CFC500DCD9AA /* Schedule.storyboard in Resources */,
				099A48491C3DC0A60072C5D2 /* KeywordSearch.storyboard in Resources */,
				2548B6D91C381A7D00CB4906 /* DetailedProfile.storyboard in Resources */,
			);
			runOnlyForDeploymentPostprocessing = 0;
		};
		7436D0E51BFFF47E00E7D545 /* Resources */ = {
			isa = PBXResourcesBuildPhase;
			buildActionMask = 2147483647;
			files = (
			);
			runOnlyForDeploymentPostprocessing = 0;
		};
		7436D0F01BFFF47E00E7D545 /* Resources */ = {
			isa = PBXResourcesBuildPhase;
			buildActionMask = 2147483647;
			files = (
			);
			runOnlyForDeploymentPostprocessing = 0;
		};
/* End PBXResourcesBuildPhase section */

/* Begin PBXShellScriptBuildPhase section */
		0F4C8C66067F0573F48E427C /* Copy Pods Resources */ = {
			isa = PBXShellScriptBuildPhase;
			buildActionMask = 2147483647;
			files = (
			);
			inputPaths = (
			);
			name = "Copy Pods Resources";
			outputPaths = (
			);
			runOnlyForDeploymentPostprocessing = 0;
			shellPath = /bin/sh;
			shellScript = "\"${SRCROOT}/Pods/Target Support Files/Pods/Pods-resources.sh\"\n";
			showEnvVarsInLog = 0;
		};
		2E6897AE02118FE13003FDF4 /* Check Pods Manifest.lock */ = {
			isa = PBXShellScriptBuildPhase;
			buildActionMask = 2147483647;
			files = (
			);
			inputPaths = (
			);
			name = "Check Pods Manifest.lock";
			outputPaths = (
			);
			runOnlyForDeploymentPostprocessing = 0;
			shellPath = /bin/sh;
			shellScript = "diff \"${PODS_ROOT}/../Podfile.lock\" \"${PODS_ROOT}/Manifest.lock\" > /dev/null\nif [[ $? != 0 ]] ; then\n    cat << EOM\nerror: The sandbox is not in sync with the Podfile.lock. Run 'pod install' or update your CocoaPods installation.\nEOM\n    exit 1\nfi\n";
			showEnvVarsInLog = 0;
		};
		4C556F0CA37C227D6D710A19 /* Embed Pods Frameworks */ = {
			isa = PBXShellScriptBuildPhase;
			buildActionMask = 2147483647;
			files = (
			);
			inputPaths = (
			);
			name = "Embed Pods Frameworks";
			outputPaths = (
			);
			runOnlyForDeploymentPostprocessing = 0;
			shellPath = /bin/sh;
			shellScript = "\"${SRCROOT}/Pods/Target Support Files/Pods/Pods-frameworks.sh\"\n";
			showEnvVarsInLog = 0;
		};
/* End PBXShellScriptBuildPhase section */

/* Begin PBXSourcesBuildPhase section */
		7436D0CD1BFFF47E00E7D545 /* Sources */ = {
			isa = PBXSourcesBuildPhase;
			buildActionMask = 2147483647;
			files = (
				2548B6D61C37FD5800CB4906 /* DetailedProfileViewController.swift in Sources */,
				7458D7B71C2BB439008ABA85 /* ColorScheme.swift in Sources */,
				25C7F2321C3AA50400E25E8C /* UserInterfaceServices.swift in Sources */,
				09D08E091C37533A00905187 /* AppointmentModel.swift in Sources */,
				25AF484D1C0C5C8C00C71DB6 /* ProfileViewController.swift in Sources */,
				25C7F2301C3A9F6900E25E8C /* ForgetPasswordViewController.swift in Sources */,
				09DD2FE51C36F24C0074037C /* LoginViewController.swift in Sources */,
				25AF48491C0C5C7F00C71DB6 /* SearchViewController.swift in Sources */,
				7458D7B51C2B6301008ABA85 /* CustomSearchController.swift in Sources */,
				7436D0D51BFFF47E00E7D545 /* AppDelegate.swift in Sources */,
				0921E1801C3F0ADA009CC673 /* KeywordSearchTableViewCell.swift in Sources */,
				09DD2FE61C36F24C0074037C /* SignupViewController.swift in Sources */,
				7458D7B91C2BB8F3008ABA85 /* Font.swift in Sources */,
				7458D7F91C2BF2BE008ABA85 /* SearchUserListCell.swift in Sources */,
				2548B6DD1C38C89700CB4906 /* TabBarViewController.swift in Sources */,
				0930C0D61C35EAAB0065FD9F /* QueryUtils.swift in Sources */,
				25AF484B1C0C5C8500C71DB6 /* ScheduleViewController.swift in Sources */,
				092B23881C34C40800614EFD /* UserQuery.swift in Sources */,
				099A484D1C3DC11E0072C5D2 /* KeywordSearchViewController.swift in Sources */,
				25AF484F1C0C5C9100C71DB6 /* FavoriteViewController.swift in Sources */,
				09D08E0B1C3755CA00905187 /* AppointmentQuery.swift in Sources */,
				252095791C3949A700877546 /* GlobalAPIKeys.swift in Sources */,
				7458D7B31C2B61FE008ABA85 /* SearchBar.swift in Sources */,
				0979C20D1C34BFB1000BF8F8 /* UserModel.swift in Sources */,
			);
			runOnlyForDeploymentPostprocessing = 0;
		};
		7436D0E31BFFF47E00E7D545 /* Sources */ = {
			isa = PBXSourcesBuildPhase;
			buildActionMask = 2147483647;
			files = (
				7436D0EC1BFFF47E00E7D545 /* iosClientTests.swift in Sources */,
			);
			runOnlyForDeploymentPostprocessing = 0;
		};
		7436D0EE1BFFF47E00E7D545 /* Sources */ = {
			isa = PBXSourcesBuildPhase;
			buildActionMask = 2147483647;
			files = (
				7436D0F71BFFF47E00E7D545 /* iosClientUITests.swift in Sources */,
			);
			runOnlyForDeploymentPostprocessing = 0;
		};
/* End PBXSourcesBuildPhase section */

/* Begin PBXTargetDependency section */
		7436D0E91BFFF47E00E7D545 /* PBXTargetDependency */ = {
			isa = PBXTargetDependency;
			target = 7436D0D01BFFF47E00E7D545 /* iosClient */;
			targetProxy = 7436D0E81BFFF47E00E7D545 /* PBXContainerItemProxy */;
		};
		7436D0F41BFFF47E00E7D545 /* PBXTargetDependency */ = {
			isa = PBXTargetDependency;
			target = 7436D0D01BFFF47E00E7D545 /* iosClient */;
			targetProxy = 7436D0F31BFFF47E00E7D545 /* PBXContainerItemProxy */;
		};
/* End PBXTargetDependency section */

/* Begin PBXVariantGroup section */
		7436D0DA1BFFF47E00E7D545 /* Main.storyboard */ = {
			isa = PBXVariantGroup;
			children = (
				7436D0DB1BFFF47E00E7D545 /* Base */,
			);
			name = Main.storyboard;
			path = .;
			sourceTree = "<group>";
		};
		7436D0DF1BFFF47E00E7D545 /* LaunchScreen.storyboard */ = {
			isa = PBXVariantGroup;
			children = (
				7436D0E01BFFF47E00E7D545 /* Base */,
			);
			name = LaunchScreen.storyboard;
			path = .;
			sourceTree = "<group>";
		};
/* End PBXVariantGroup section */

/* Begin XCBuildConfiguration section */
		7436D0F91BFFF47E00E7D545 /* Debug */ = {
			isa = XCBuildConfiguration;
			buildSettings = {
				ALWAYS_SEARCH_USER_PATHS = NO;
				CLANG_CXX_LANGUAGE_STANDARD = "gnu++0x";
				CLANG_CXX_LIBRARY = "libc++";
				CLANG_ENABLE_MODULES = YES;
				CLANG_ENABLE_OBJC_ARC = YES;
				CLANG_WARN_BOOL_CONVERSION = YES;
				CLANG_WARN_CONSTANT_CONVERSION = YES;
				CLANG_WARN_DIRECT_OBJC_ISA_USAGE = YES_ERROR;
				CLANG_WARN_EMPTY_BODY = YES;
				CLANG_WARN_ENUM_CONVERSION = YES;
				CLANG_WARN_INT_CONVERSION = YES;
				CLANG_WARN_OBJC_ROOT_CLASS = YES_ERROR;
				CLANG_WARN_UNREACHABLE_CODE = YES;
				CLANG_WARN__DUPLICATE_METHOD_MATCH = YES;
				CODE_SIGN_IDENTITY = "iPhone Developer";
				"CODE_SIGN_IDENTITY[sdk=iphoneos*]" = "iPhone Developer";
				COPY_PHASE_STRIP = NO;
				DEBUG_INFORMATION_FORMAT = dwarf;
				ENABLE_STRICT_OBJC_MSGSEND = YES;
				ENABLE_TESTABILITY = YES;
				GCC_C_LANGUAGE_STANDARD = gnu99;
				GCC_DYNAMIC_NO_PIC = NO;
				GCC_NO_COMMON_BLOCKS = YES;
				GCC_OPTIMIZATION_LEVEL = 0;
				GCC_PREPROCESSOR_DEFINITIONS = (
					"DEBUG=1",
					"$(inherited)",
				);
				GCC_WARN_64_TO_32_BIT_CONVERSION = YES;
				GCC_WARN_ABOUT_RETURN_TYPE = YES_ERROR;
				GCC_WARN_UNDECLARED_SELECTOR = YES;
				GCC_WARN_UNINITIALIZED_AUTOS = YES_AGGRESSIVE;
				GCC_WARN_UNUSED_FUNCTION = YES;
				GCC_WARN_UNUSED_VARIABLE = YES;
				IPHONEOS_DEPLOYMENT_TARGET = 9.1;
				MTL_ENABLE_DEBUG_INFO = YES;
				ONLY_ACTIVE_ARCH = YES;
				PROVISIONING_PROFILE = "";
				SDKROOT = iphoneos;
				SWIFT_OPTIMIZATION_LEVEL = "-Onone";
				TARGETED_DEVICE_FAMILY = "1,2";
			};
			name = Debug;
		};
		7436D0FA1BFFF47E00E7D545 /* Release */ = {
			isa = XCBuildConfiguration;
			buildSettings = {
				ALWAYS_SEARCH_USER_PATHS = NO;
				CLANG_CXX_LANGUAGE_STANDARD = "gnu++0x";
				CLANG_CXX_LIBRARY = "libc++";
				CLANG_ENABLE_MODULES = YES;
				CLANG_ENABLE_OBJC_ARC = YES;
				CLANG_WARN_BOOL_CONVERSION = YES;
				CLANG_WARN_CONSTANT_CONVERSION = YES;
				CLANG_WARN_DIRECT_OBJC_ISA_USAGE = YES_ERROR;
				CLANG_WARN_EMPTY_BODY = YES;
				CLANG_WARN_ENUM_CONVERSION = YES;
				CLANG_WARN_INT_CONVERSION = YES;
				CLANG_WARN_OBJC_ROOT_CLASS = YES_ERROR;
				CLANG_WARN_UNREACHABLE_CODE = YES;
				CLANG_WARN__DUPLICATE_METHOD_MATCH = YES;
				CODE_SIGN_IDENTITY = "iPhone Developer";
				"CODE_SIGN_IDENTITY[sdk=iphoneos*]" = "iPhone Developer";
				COPY_PHASE_STRIP = NO;
				DEBUG_INFORMATION_FORMAT = "dwarf-with-dsym";
				ENABLE_NS_ASSERTIONS = NO;
				ENABLE_STRICT_OBJC_MSGSEND = YES;
				GCC_C_LANGUAGE_STANDARD = gnu99;
				GCC_NO_COMMON_BLOCKS = YES;
				GCC_WARN_64_TO_32_BIT_CONVERSION = YES;
				GCC_WARN_ABOUT_RETURN_TYPE = YES_ERROR;
				GCC_WARN_UNDECLARED_SELECTOR = YES;
				GCC_WARN_UNINITIALIZED_AUTOS = YES_AGGRESSIVE;
				GCC_WARN_UNUSED_FUNCTION = YES;
				GCC_WARN_UNUSED_VARIABLE = YES;
				IPHONEOS_DEPLOYMENT_TARGET = 9.1;
				MTL_ENABLE_DEBUG_INFO = NO;
				PROVISIONING_PROFILE = "";
				SDKROOT = iphoneos;
				TARGETED_DEVICE_FAMILY = "1,2";
				VALIDATE_PRODUCT = YES;
			};
			name = Release;
		};
		7436D0FC1BFFF47E00E7D545 /* Debug */ = {
			isa = XCBuildConfiguration;
			baseConfigurationReference = 86AAACBCF58F19FD17A2E6F8 /* Pods.debug.xcconfig */;
			buildSettings = {
				ASSETCATALOG_COMPILER_APPICON_NAME = AppIcon;
				CLANG_ALLOW_NON_MODULAR_INCLUDES_IN_FRAMEWORK_MODULES = YES;
				CODE_SIGN_IDENTITY = "iPhone Developer";
				"CODE_SIGN_IDENTITY[sdk=iphoneos*]" = "iPhone Developer";
				FRAMEWORK_SEARCH_PATHS = "$(inherited)";
				INFOPLIST_FILE = iosClient/Info.plist;
				IPHONEOS_DEPLOYMENT_TARGET = 9.2;
				LD_RUNPATH_SEARCH_PATHS = "$(inherited) @executable_path/Frameworks";
				OTHER_LDFLAGS = (
					"-lsqlite3",
					"-ObjC",
					"-licucore",
					"-lz",
					"$(inherited)",
				);
				PRODUCT_BUNDLE_IDENTIFIER = com.Cameric.iosClient;
				PRODUCT_NAME = "$(TARGET_NAME)";
				PROVISIONING_PROFILE = "";
				SWIFT_OBJC_BRIDGING_HEADER = "iosClient/iosClient-Bridging-Header.h";
			};
			name = Debug;
		};
		7436D0FD1BFFF47E00E7D545 /* Release */ = {
			isa = XCBuildConfiguration;
			baseConfigurationReference = 4B644F80E0D1DCB359CC07F6 /* Pods.release.xcconfig */;
			buildSettings = {
				ASSETCATALOG_COMPILER_APPICON_NAME = AppIcon;
				CLANG_ALLOW_NON_MODULAR_INCLUDES_IN_FRAMEWORK_MODULES = YES;
				CODE_SIGN_IDENTITY = "iPhone Developer";
				"CODE_SIGN_IDENTITY[sdk=iphoneos*]" = "iPhone Developer";
				FRAMEWORK_SEARCH_PATHS = "$(inherited)";
				INFOPLIST_FILE = iosClient/Info.plist;
				IPHONEOS_DEPLOYMENT_TARGET = 9.2;
				LD_RUNPATH_SEARCH_PATHS = "$(inherited) @executable_path/Frameworks";
				OTHER_LDFLAGS = (
					"-lsqlite3",
					"-ObjC",
					"-licucore",
					"-lz",
					"$(inherited)",
				);
				PRODUCT_BUNDLE_IDENTIFIER = com.Cameric.iosClient;
				PRODUCT_NAME = "$(TARGET_NAME)";
				PROVISIONING_PROFILE = "";
				SWIFT_OBJC_BRIDGING_HEADER = "iosClient/iosClient-Bridging-Header.h";
			};
			name = Release;
		};
		7436D0FF1BFFF47E00E7D545 /* Debug */ = {
			isa = XCBuildConfiguration;
			buildSettings = {
				BUNDLE_LOADER = "$(TEST_HOST)";
				INFOPLIST_FILE = iosClientTests/Info.plist;
				LD_RUNPATH_SEARCH_PATHS = "$(inherited) @executable_path/Frameworks @loader_path/Frameworks";
				PRODUCT_BUNDLE_IDENTIFIER = com.Cameric.iosClientTests;
				PRODUCT_NAME = "$(TARGET_NAME)";
				TEST_HOST = "$(BUILT_PRODUCTS_DIR)/iosClient.app/iosClient";
			};
			name = Debug;
		};
		7436D1001BFFF47E00E7D545 /* Release */ = {
			isa = XCBuildConfiguration;
			buildSettings = {
				BUNDLE_LOADER = "$(TEST_HOST)";
				INFOPLIST_FILE = iosClientTests/Info.plist;
				LD_RUNPATH_SEARCH_PATHS = "$(inherited) @executable_path/Frameworks @loader_path/Frameworks";
				PRODUCT_BUNDLE_IDENTIFIER = com.Cameric.iosClientTests;
				PRODUCT_NAME = "$(TARGET_NAME)";
				TEST_HOST = "$(BUILT_PRODUCTS_DIR)/iosClient.app/iosClient";
			};
			name = Release;
		};
		7436D1021BFFF47E00E7D545 /* Debug */ = {
			isa = XCBuildConfiguration;
			buildSettings = {
				INFOPLIST_FILE = iosClientUITests/Info.plist;
				LD_RUNPATH_SEARCH_PATHS = "$(inherited) @executable_path/Frameworks @loader_path/Frameworks";
				PRODUCT_BUNDLE_IDENTIFIER = com.Cameric.iosClientUITests;
				PRODUCT_NAME = "$(TARGET_NAME)";
				TEST_TARGET_NAME = iosClient;
				USES_XCTRUNNER = YES;
			};
			name = Debug;
		};
		7436D1031BFFF47E00E7D545 /* Release */ = {
			isa = XCBuildConfiguration;
			buildSettings = {
				INFOPLIST_FILE = iosClientUITests/Info.plist;
				LD_RUNPATH_SEARCH_PATHS = "$(inherited) @executable_path/Frameworks @loader_path/Frameworks";
				PRODUCT_BUNDLE_IDENTIFIER = com.Cameric.iosClientUITests;
				PRODUCT_NAME = "$(TARGET_NAME)";
				TEST_TARGET_NAME = iosClient;
				USES_XCTRUNNER = YES;
			};
			name = Release;
		};
/* End XCBuildConfiguration section */

/* Begin XCConfigurationList section */
		7436D0CC1BFFF47E00E7D545 /* Build configuration list for PBXProject "iosClient" */ = {
			isa = XCConfigurationList;
			buildConfigurations = (
				7436D0F91BFFF47E00E7D545 /* Debug */,
				7436D0FA1BFFF47E00E7D545 /* Release */,
			);
			defaultConfigurationIsVisible = 0;
			defaultConfigurationName = Release;
		};
		7436D0FB1BFFF47E00E7D545 /* Build configuration list for PBXNativeTarget "iosClient" */ = {
			isa = XCConfigurationList;
			buildConfigurations = (
				7436D0FC1BFFF47E00E7D545 /* Debug */,
				7436D0FD1BFFF47E00E7D545 /* Release */,
			);
			defaultConfigurationIsVisible = 0;
			defaultConfigurationName = Release;
		};
		7436D0FE1BFFF47E00E7D545 /* Build configuration list for PBXNativeTarget "iosClientTests" */ = {
			isa = XCConfigurationList;
			buildConfigurations = (
				7436D0FF1BFFF47E00E7D545 /* Debug */,
				7436D1001BFFF47E00E7D545 /* Release */,
			);
			defaultConfigurationIsVisible = 0;
			defaultConfigurationName = Release;
		};
		7436D1011BFFF47E00E7D545 /* Build configuration list for PBXNativeTarget "iosClientUITests" */ = {
			isa = XCConfigurationList;
			buildConfigurations = (
				7436D1021BFFF47E00E7D545 /* Debug */,
				7436D1031BFFF47E00E7D545 /* Release */,
			);
			defaultConfigurationIsVisible = 0;
			defaultConfigurationName = Release;
		};
/* End XCConfigurationList section */
	};
	rootObject = 7436D0C91BFFF47E00E7D545 /* Project object */;
}
